
Microsoft Visual Studio Solution File, Format Version 12.00
# Visual Studio 15
VisualStudioVersion = 15.0.28307.168
MinimumVisualStudioVersion = 10.0.40219.1
Project("{FAE04EC0-301F-11D3-BF4B-00C04F79EFBC}") = "PascalCompiler", "PascalCompiler\PascalCompiler.csproj", "{E76AA7CA-5214-4222-9166-787FCE9DD218}"
EndProject
Project("{FAE04EC0-301F-11D3-BF4B-00C04F79EFBC}") = "PascalCompiler.Tests", "PascalCompiler.Tests\PascalCompiler.Tests.csproj", "{F754EDBF-C502-4162-84B4-AEBC78A74720}"
EndProject
Project("{FAE04EC0-301F-11D3-BF4B-00C04F79EFBC}") = "PascalCompiler.Cli", "PascalCompiler.Cli\PascalCompiler.Cli.csproj", "{65384DDC-578D-4AA4-B018-66A0B23E6432}"
EndProject
Global
	GlobalSection(SolutionConfigurationPlatforms) = preSolution
		Debug|Any CPU = Debug|Any CPU
		Release|Any CPU = Release|Any CPU
	EndGlobalSection
	GlobalSection(ProjectConfigurationPlatforms) = postSolution
		{E76AA7CA-5214-4222-9166-787FCE9DD218}.Debug|Any CPU.ActiveCfg = Debug|Any CPU
		{E76AA7CA-5214-4222-9166-787FCE9DD218}.Debug|Any CPU.Build.0 = Debug|Any CPU
		{E76AA7CA-5214-4222-9166-787FCE9DD218}.Release|Any CPU.ActiveCfg = Release|Any CPU
		{E76AA7CA-5214-4222-9166-787FCE9DD218}.Release|Any CPU.Build.0 = Release|Any CPU
		{F754EDBF-C502-4162-84B4-AEBC78A74720}.Debug|Any CPU.ActiveCfg = Debug|Any CPU
		{F754EDBF-C502-4162-84B4-AEBC78A74720}.Debug|Any CPU.Build.0 = Debug|Any CPU
		{F754EDBF-C502-4162-84B4-AEBC78A74720}.Release|Any CPU.ActiveCfg = Release|Any CPU
		{F754EDBF-C502-4162-84B4-AEBC78A74720}.Release|Any CPU.Build.0 = Release|Any CPU
		{65384DDC-578D-4AA4-B018-66A0B23E6432}.Debug|Any CPU.ActiveCfg = Debug|Any CPU
		{65384DDC-578D-4AA4-B018-66A0B23E6432}.Debug|Any CPU.Build.0 = Debug|Any CPU
		{65384DDC-578D-4AA4-B018-66A0B23E6432}.Release|Any CPU.ActiveCfg = Release|Any CPU
		{65384DDC-578D-4AA4-B018-66A0B23E6432}.Release|Any CPU.Build.0 = Release|Any CPU
	EndGlobalSection
	GlobalSection(SolutionProperties) = preSolution
		HideSolutionNode = FALSE
	EndGlobalSection
	GlobalSection(ExtensibilityGlobals) = postSolution
		SolutionGuid = {850E9456-9A81-4425-9E3A-91E85EB46571}
	EndGlobalSection
EndGlobal
